Microsoft Visual Studio Solution File, Format Version 11.00
# Visual Studio 2008

Project("{0598C357-BBD5-7F3F-2BAF-E2DCCC7D3B66}") = "SurvivorAI", "Assembly-CSharp-firstpass.csproj", "{6F1FEA04-47E6-5550-018C-C0A0540BCEDE}"
EndProject
Project("{0598C357-BBD5-7F3F-2BAF-E2DCCC7D3B66}") = "SurvivorAI", "Assembly-CSharp.csproj", "{44593E7E-AFF7-6D4F-D284-F4B0BF95ECD1}"
EndProject
Project("{0598C357-BBD5-7F3F-2BAF-E2DCCC7D3B66}") = "SurvivorAI", "Assembly-CSharp-Editor.csproj", "{C6529123-0878-91D5-7937-62C7204EE975}"
EndProject
Global
	GlobalSection(SolutionConfigurationPlatforms) = preSolution
		Debug|Any CPU = Debug|Any CPU
		Release|Any CPU = Release|Any CPU
	EndGlobalSection
	GlobalSection(ProjectConfigurationPlatforms) = postSolution
		{6F1FEA04-47E6-5550-018C-C0A0540BCEDE}.Debug|Any CPU.ActiveCfg = Debug|Any CPU
		{6F1FEA04-47E6-5550-018C-C0A0540BCEDE}.Debug|Any CPU.Build.0 = Debug|Any CPU
		{6F1FEA04-47E6-5550-018C-C0A0540BCEDE}.Release|Any CPU.ActiveCfg = Release|Any CPU
		{6F1FEA04-47E6-5550-018C-C0A0540BCEDE}.Release|Any CPU.Build.0 = Release|Any CPU
		{44593E7E-AFF7-6D4F-D284-F4B0BF95ECD1}.Debug|Any CPU.ActiveCfg = Debug|Any CPU
		{44593E7E-AFF7-6D4F-D284-F4B0BF95ECD1}.Debug|Any CPU.Build.0 = Debug|Any CPU
		{44593E7E-AFF7-6D4F-D284-F4B0BF95ECD1}.Release|Any CPU.ActiveCfg = Release|Any CPU
		{44593E7E-AFF7-6D4F-D284-F4B0BF95ECD1}.Release|Any CPU.Build.0 = Release|Any CPU
		{C6529123-0878-91D5-7937-62C7204EE975}.Debug|Any CPU.ActiveCfg = Debug|Any CPU
		{C6529123-0878-91D5-7937-62C7204EE975}.Debug|Any CPU.Build.0 = Debug|Any CPU
		{C6529123-0878-91D5-7937-62C7204EE975}.Release|Any CPU.ActiveCfg = Release|Any CPU
		{C6529123-0878-91D5-7937-62C7204EE975}.Release|Any CPU.Build.0 = Release|Any CPU
	EndGlobalSection
	GlobalSection(SolutionProperties) = preSolution
		HideSolutionNode = FALSE
	EndGlobalSection
																																																																																																																																																																																																																																GlobalSection(MonoDevelopProperties) = preSolution
		StartupItem = Assembly-CSharp.csproj
		Policies = $0
		$0.TextStylePolicy = $1
		$1.inheritsSet = null
		$1.scope = text/x-csharp
		$0.CSharpFormattingPolicy = $2
		$2.inheritsSet = Mono
		$2.inheritsScope = text/x-csharp
		$2.scope = text/x-csharp
		$0.TextStylePolicy = $3
		$3.FileWidth = 120
		$3.TabWidth = 4
		$3.EolMarker = Unix
		$3.inheritsSet = Mono
		$3.inheritsScope = text/plain
		$3.scope = text/plain
	EndGlobalSection
EndGlobal
